
Microsoft Visual Studio Solution File, Format Version 12.00
# Visual Studio 2013
VisualStudioVersion = 12.0.21005.1
MinimumVisualStudioVersion = 10.0.40219.1
Project("{F088123C-0E9E-452A-89E6-6BA2F21D5CAC}") = "Lab1Project", "Lab1Project\Lab1Project.modelproj", "{314F31EE-F1F3-4767-835D-F950C4D7A86E}"
EndProject
Project("{FAE04EC0-301F-11D3-BF4B-00C04F79EFBC}") = "Lab1ProjectLib", "Lab1ProjectLib\Lab1ProjectLib.csproj", "{146CF30B-5865-43A1-963C-368F7313DC8E}"
EndProject
Project("{FAE04EC0-301F-11D3-BF4B-00C04F79EFBC}") = "TestLab1", "TestLab1\TestLab1.csproj", "{1C2F4E22-B3C2-4EB6-A2BC-50A3865BE21F}"
EndProject
Global
	GlobalSection(SolutionConfigurationPlatforms) = preSolution
		Debug|Any CPU = Debug|Any CPU
		Release|Any CPU = Release|Any CPU
	EndGlobalSection
	GlobalSection(ProjectConfigurationPlatforms) = postSolution
		{314F31EE-F1F3-4767-835D-F950C4D7A86E}.Debug|Any CPU.ActiveCfg = Debug|Any CPU
		{314F31EE-F1F3-4767-835D-F950C4D7A86E}.Debug|Any CPU.Build.0 = Debug|Any CPU
		{314F31EE-F1F3-4767-835D-F950C4D7A86E}.Release|Any CPU.ActiveCfg = Release|Any CPU
		{314F31EE-F1F3-4767-835D-F950C4D7A86E}.Release|Any CPU.Build.0 = Release|Any CPU
		{146CF30B-5865-43A1-963C-368F7313DC8E}.Debug|Any CPU.ActiveCfg = Debug|Any CPU
		{146CF30B-5865-43A1-963C-368F7313DC8E}.Debug|Any CPU.Build.0 = Debug|Any CPU
		{146CF30B-5865-43A1-963C-368F7313DC8E}.Release|Any CPU.ActiveCfg = Release|Any CPU
		{146CF30B-5865-43A1-963C-368F7313DC8E}.Release|Any CPU.Build.0 = Release|Any CPU
		{1C2F4E22-B3C2-4EB6-A2BC-50A3865BE21F}.Debug|Any CPU.ActiveCfg = Debug|Any CPU
		{1C2F4E22-B3C2-4EB6-A2BC-50A3865BE21F}.Debug|Any CPU.Build.0 = Debug|Any CPU
		{1C2F4E22-B3C2-4EB6-A2BC-50A3865BE21F}.Release|Any CPU.ActiveCfg = Release|Any CPU
		{1C2F4E22-B3C2-4EB6-A2BC-50A3865BE21F}.Release|Any CPU.Build.0 = Release|Any CPU
	EndGlobalSection
	GlobalSection(SolutionProperties) = preSolution
		HideSolutionNode = FALSE
	EndGlobalSection
EndGlobal
